
Microsoft Visual Studio Solution File, Format Version 12.00
# Visual Studio Version 17
VisualStudioVersion = 17.3.32929.385
MinimumVisualStudioVersion = 10.0.40219.1
Project("{FAE04EC0-301F-11D3-BF4B-00C04F79EFBC}") = "Setul 3", "Setul 3\Setul 3.csproj", "{1CDC1E2F-DCFF-499F-86E8-7FF2795BAB1A}"
EndProject
Project("{FAE04EC0-301F-11D3-BF4B-00C04F79EFBC}") = "Setu 2", "..\Setu 2\Setu 2\Setu 2.csproj", "{57B455C4-97FD-42BF-A195-8AAC99E494AB}"
EndProject
Global
	GlobalSection(SolutionConfigurationPlatforms) = preSolution
		Debug|Any CPU = Debug|Any CPU
		Release|Any CPU = Release|Any CPU
	EndGlobalSection
	GlobalSection(ProjectConfigurationPlatforms) = postSolution
		{1CDC1E2F-DCFF-499F-86E8-7FF2795BAB1A}.Debug|Any CPU.ActiveCfg = Debug|Any CPU
		{1CDC1E2F-DCFF-499F-86E8-7FF2795BAB1A}.Debug|Any CPU.Build.0 = Debug|Any CPU
		{1CDC1E2F-DCFF-499F-86E8-7FF2795BAB1A}.Release|Any CPU.ActiveCfg = Release|Any CPU
		{1CDC1E2F-DCFF-499F-86E8-7FF2795BAB1A}.Release|Any CPU.Build.0 = Release|Any CPU
		{57B455C4-97FD-42BF-A195-8AAC99E494AB}.Debug|Any CPU.ActiveCfg = Debug|Any CPU
		{57B455C4-97FD-42BF-A195-8AAC99E494AB}.Debug|Any CPU.Build.0 = Debug|Any CPU
		{57B455C4-97FD-42BF-A195-8AAC99E494AB}.Release|Any CPU.ActiveCfg = Release|Any CPU
		{57B455C4-97FD-42BF-A195-8AAC99E494AB}.Release|Any CPU.Build.0 = Release|Any CPU
	EndGlobalSection
	GlobalSection(SolutionProperties) = preSolution
		HideSolutionNode = FALSE
	EndGlobalSection
	GlobalSection(ExtensibilityGlobals) = postSolution
		SolutionGuid = {84A1D0D4-45C2-45D9-9B9A-B12EEB06F320}
	EndGlobalSection
EndGlobal
